// !$*UTF8*$!
{
	archiveVersion = 1;
	classes = {
	};
	objectVersion = 77;
	objects = {

/* Begin PBXBuildFile section */
		0B81F2C7272033AD49279317 /* DropMoverUITests.swift in Sources */ = {isa = PBXBuildFile; fileRef = 8DFFC1ADCA0379728A23ED2B /* DropMoverUITests.swift */; };
		232F9F7AFD3B202447BE05A7 /* DropMoverUITestsLaunchTests.swift in Sources */ = {isa = PBXBuildFile; fileRef = 76CA21C64B62CBA30EB13E25 /* DropMoverUITestsLaunchTests.swift */; };
		3812CA5A513AB4C597C703A6 /* SettingView.swift in Sources */ = {isa = PBXBuildFile; fileRef = 415188929B80EBF1FE57D6CC /* SettingView.swift */; };
		68F7B5FFC65E92269FD9E1A6 /* FinderSync.swift in Sources */ = {isa = PBXBuildFile; fileRef = 448C01D50C947AC1F39DDC03 /* FinderSync.swift */; };
		7254BBE9DF4FE5EACF8D09F7 /* DropMoverApp.swift in Sources */ = {isa = PBXBuildFile; fileRef = 1D931DFEF671EEBAEE7F898B /* DropMoverApp.swift */; };
		8619458C81D8F46CD82C6A38 /* ContentView.swift in Sources */ = {isa = PBXBuildFile; fileRef = 73932293C9A72EF2760677A7 /* ContentView.swift */; };
		9FEE622951CA26BB95AA48B2 /* DropMoverTests.swift in Sources */ = {isa = PBXBuildFile; fileRef = 76EF82BE248B69A86614AC70 /* DropMoverTests.swift */; };
		AB70D24F1B6FADA1816D64A9 /* Assets.xcassets in Resources */ = {isa = PBXBuildFile; fileRef = 0664E241B6DB994740CF96C3 /* Assets.xcassets */; };
		EBA5E14D091D624AE7C51037 /* DropMoverFinderExtension.appex in Embed Foundation Extensions */ = {isa = PBXBuildFile; fileRef = 5DD7DCA41197E507624F5AB5 /* DropMoverFinderExtension.appex */; settings = {ATTRIBUTES = (CodeSignOnCopy, RemoveHeadersOnCopy, ); }; };
		EF4C9C6AE9177A5CC19E1F80 /* IconBrastView.swift in Sources */ = {isa = PBXBuildFile; fileRef = E782E69E4F837C35BFBDF612 /* IconBrastView.swift */; };
/* End PBXBuildFile section */

/* Begin PBXContainerItemProxy section */
		19669E981B1457034F007E84 /* PBXContainerItemProxy */ = {
			isa = PBXContainerItemProxy;
			containerPortal = D4FF22F5A67C5B4DEB916FDB /* Project object */;
			proxyType = 1;
			remoteGlobalIDString = 142565732BE8FB3E35608819;
			remoteInfo = DropMover;
		};
		2633DDDFABF741D6297DD11F /* PBXContainerItemProxy */ = {
			isa = PBXContainerItemProxy;
			containerPortal = D4FF22F5A67C5B4DEB916FDB /* Project object */;
			proxyType = 1;
			remoteGlobalIDString = B99BE2625AC96E0176DE8D7B;
			remoteInfo = DropMoverFinderExtension;
		};
		5C8F9C00EAAB3721588BB0E0 /* PBXContainerItemProxy */ = {
			isa = PBXContainerItemProxy;
			containerPortal = D4FF22F5A67C5B4DEB916FDB /* Project object */;
			proxyType = 1;
			remoteGlobalIDString = 142565732BE8FB3E35608819;
			remoteInfo = DropMover;
		};
/* End PBXContainerItemProxy section */

/* Begin PBXCopyFilesBuildPhase section */
		2767C8A5F1BA9315DEC5AC1E /* Embed Foundation Extensions */ = {
			isa = PBXCopyFilesBuildPhase;
			buildActionMask = 2147483647;
			dstPath = "";
			dstSubfolderSpec = 13;
			files = (
				EBA5E14D091D624AE7C51037 /* DropMoverFinderExtension.appex in Embed Foundation Extensions */,
			);
			name = "Embed Foundation Extensions";
			runOnlyForDeploymentPostprocessing = 0;
		};
/* End PBXCopyFilesBuildPhase section */

/* Begin PBXFileReference section */
		0664E241B6DB994740CF96C3 /* Assets.xcassets */ = {isa = PBXFileReference; lastKnownFileType = folder.assetcatalog; path = Assets.xcassets; sourceTree = "<group>"; };
		1D931DFEF671EEBAEE7F898B /* DropMoverApp.swift */ = {isa = PBXFileReference; lastKnownFileType = sourcecode.swift; path = DropMoverApp.swift; sourceTree = "<group>"; };
		415188929B80EBF1FE57D6CC /* SettingView.swift */ = {isa = PBXFileReference; lastKnownFileType = sourcecode.swift; path = SettingView.swift; sourceTree = "<group>"; };
		448C01D50C947AC1F39DDC03 /* FinderSync.swift */ = {isa = PBXFileReference; lastKnownFileType = sourcecode.swift; path = FinderSync.swift; sourceTree = "<group>"; };
		4A72DDD1E6E706C4159ACDA8 /* DropMoverUITests.xctest */ = {isa = PBXFileReference; explicitFileType = wrapper.cfbundle; includeInIndex = 0; path = DropMoverUITests.xctest; sourceTree = BUILT_PRODUCTS_DIR; };
		5DD7DCA41197E507624F5AB5 /* DropMoverFinderExtension.appex */ = {isa = PBXFileReference; explicitFileType = "wrapper.app-extension"; includeInIndex = 0; path = DropMoverFinderExtension.appex; sourceTree = BUILT_PRODUCTS_DIR; };
		62A7B48E17B80DC849FF453C /* DropMover.app */ = {isa = PBXFileReference; explicitFileType = wrapper.application; includeInIndex = 0; path = DropMover.app; sourceTree = BUILT_PRODUCTS_DIR; };
		73932293C9A72EF2760677A7 /* ContentView.swift */ = {isa = PBXFileReference; lastKnownFileType = sourcecode.swift; path = ContentView.swift; sourceTree = "<group>"; };
		76CA21C64B62CBA30EB13E25 /* DropMoverUITestsLaunchTests.swift */ = {isa = PBXFileReference; lastKnownFileType = sourcecode.swift; path = DropMoverUITestsLaunchTests.swift; sourceTree = "<group>"; };
		76EF82BE248B69A86614AC70 /* DropMoverTests.swift */ = {isa = PBXFileReference; lastKnownFileType = sourcecode.swift; path = DropMoverTests.swift; sourceTree = "<group>"; };
		8DFFC1ADCA0379728A23ED2B /* DropMoverUITests.swift */ = {isa = PBXFileReference; lastKnownFileType = sourcecode.swift; path = DropMoverUITests.swift; sourceTree = "<group>"; };
		AC067339325EE2D89912FF34 /* DropMoverFinderExtension.entitlements */ = {isa = PBXFileReference; lastKnownFileType = text.plist.entitlements; path = DropMoverFinderExtension.entitlements; sourceTree = "<group>"; };
		BF95448C62BC6062C52E69C3 /* DropMoverTests.xctest */ = {isa = PBXFileReference; explicitFileType = wrapper.cfbundle; includeInIndex = 0; path = DropMoverTests.xctest; sourceTree = BUILT_PRODUCTS_DIR; };
		BFB6DAF966E9E6740A66FE0A /* Info.plist */ = {isa = PBXFileReference; lastKnownFileType = text.plist; path = Info.plist; sourceTree = "<group>"; };
		E782E69E4F837C35BFBDF612 /* IconBrastView.swift */ = {isa = PBXFileReference; lastKnownFileType = sourcecode.swift; path = IconBrastView.swift; sourceTree = "<group>"; };
		F619026A92E03A37D2A9383F /* DropMover.entitlements */ = {isa = PBXFileReference; lastKnownFileType = text.plist.entitlements; path = DropMover.entitlements; sourceTree = "<group>"; };
/* End PBXFileReference section */

/* Begin PBXGroup section */
		52B36C45F21BDDDA83726AE6 /* DropMover */ = {
			isa = PBXGroup;
			children = (
				0664E241B6DB994740CF96C3 /* Assets.xcassets */,
				73932293C9A72EF2760677A7 /* ContentView.swift */,
				F619026A92E03A37D2A9383F /* DropMover.entitlements */,
				1D931DFEF671EEBAEE7F898B /* DropMoverApp.swift */,
				E782E69E4F837C35BFBDF612 /* IconBrastView.swift */,
				BFB6DAF966E9E6740A66FE0A /* Info.plist */,
				415188929B80EBF1FE57D6CC /* SettingView.swift */,
			);
			path = DropMover;
			sourceTree = "<group>";
		};
		579473BA6DBB1709B5CBD121 /* Products */ = {
			isa = PBXGroup;
			children = (
				62A7B48E17B80DC849FF453C /* DropMover.app */,
				5DD7DCA41197E507624F5AB5 /* DropMoverFinderExtension.appex */,
				BF95448C62BC6062C52E69C3 /* DropMoverTests.xctest */,
				4A72DDD1E6E706C4159ACDA8 /* DropMoverUITests.xctest */,
			);
			name = Products;
			sourceTree = "<group>";
		};
		C420092CE5E2B7186A800991 /* DropMoverUITests */ = {
			isa = PBXGroup;
			children = (
				8DFFC1ADCA0379728A23ED2B /* DropMoverUITests.swift */,
				76CA21C64B62CBA30EB13E25 /* DropMoverUITestsLaunchTests.swift */,
			);
			path = DropMoverUITests;
			sourceTree = "<group>";
		};
		C71EC4F6AEA3CC890787EAFA /* DropMoverFinderExtension */ = {
			isa = PBXGroup;
			children = (
				AC067339325EE2D89912FF34 /* DropMoverFinderExtension.entitlements */,
				448C01D50C947AC1F39DDC03 /* FinderSync.swift */,
			);
			path = DropMoverFinderExtension;
			sourceTree = "<group>";
		};
		CF4787668EF7E9A4DE3099EC = {
			isa = PBXGroup;
			children = (
				52B36C45F21BDDDA83726AE6 /* DropMover */,
				C71EC4F6AEA3CC890787EAFA /* DropMoverFinderExtension */,
				EB140B986FA642E1796E72AF /* DropMoverTests */,
				C420092CE5E2B7186A800991 /* DropMoverUITests */,
				579473BA6DBB1709B5CBD121 /* Products */,
			);
			sourceTree = "<group>";
		};
		EB140B986FA642E1796E72AF /* DropMoverTests */ = {
			isa = PBXGroup;
			children = (
				76EF82BE248B69A86614AC70 /* DropMoverTests.swift */,
			);
			path = DropMoverTests;
			sourceTree = "<group>";
		};
/* End PBXGroup section */

/* Begin PBXNativeTarget section */
		0334CCF73F3F78FED85D9EE2 /* DropMoverTests */ = {
			isa = PBXNativeTarget;
			buildConfigurationList = 651DEA7EF6995B5F534DFEF1 /* Build configuration list for PBXNativeTarget "DropMoverTests" */;
			buildPhases = (
				04B299756B43C0FE28DBFD03 /* Sources */,
			);
			buildRules = (
			);
			dependencies = (
				7BA08FFA0E8E9A8CBCDD2D21 /* PBXTargetDependency */,
			);
			name = DropMoverTests;
			packageProductDependencies = (
			);
			productName = DropMoverTests;
			productReference = BF95448C62BC6062C52E69C3 /* DropMoverTests.xctest */;
			productType = "com.apple.product-type.bundle.unit-test";
		};
		142565732BE8FB3E35608819 /* DropMover */ = {
			isa = PBXNativeTarget;
			buildConfigurationList = C69E9B5EAD902D0E6B848611 /* Build configuration list for PBXNativeTarget "DropMover" */;
			buildPhases = (
				271B0BD2779414AC7942FDCE /* Sources */,
				972EC46E8DFD42B64B9D6F06 /* Resources */,
				2767C8A5F1BA9315DEC5AC1E /* Embed Foundation Extensions */,
			);
			buildRules = (
			);
			dependencies = (
				55EC0BF52A8235C6F9757914 /* PBXTargetDependency */,
			);
			name = DropMover;
			packageProductDependencies = (
			);
			productName = DropMover;
			productReference = 62A7B48E17B80DC849FF453C /* DropMover.app */;
			productType = "com.apple.product-type.application";
		};
		B99BE2625AC96E0176DE8D7B /* DropMoverFinderExtension */ = {
			isa = PBXNativeTarget;
			buildConfigurationList = AF0415B10013459FF90F0912 /* Build configuration list for PBXNativeTarget "DropMoverFinderExtension" */;
			buildPhases = (
				D53F6B3A3E70786BA712184E /* Sources */,
			);
			buildRules = (
			);
			dependencies = (
			);
			name = DropMoverFinderExtension;
			packageProductDependencies = (
			);
			productName = DropMoverFinderExtension;
			productReference = 5DD7DCA41197E507624F5AB5 /* DropMoverFinderExtension.appex */;
			productType = "com.apple.product-type.app-extension";
		};
		D5C893FCD3BBD5FC99421D6D /* DropMoverUITests */ = {
			isa = PBXNativeTarget;
			buildConfigurationList = B49403A6BE8289990349B146 /* Build configuration list for PBXNativeTarget "DropMoverUITests" */;
			buildPhases = (
				6FB51BFF42B6163FB57DD094 /* Sources */,
			);
			buildRules = (
			);
			dependencies = (
				7FA6DBD2CE9C609CF113AC07 /* PBXTargetDependency */,
			);
			name = DropMoverUITests;
			packageProductDependencies = (
			);
			productName = DropMoverUITests;
			productReference = 4A72DDD1E6E706C4159ACDA8 /* DropMoverUITests.xctest */;
			productType = "com.apple.product-type.bundle.ui-testing";
		};
/* End PBXNativeTarget section */

/* Begin PBXProject section */
		D4FF22F5A67C5B4DEB916FDB /* Project object */ = {
			isa = PBXProject;
			attributes = {
				BuildIndependentTargetsInParallel = YES;
				LastUpgradeCheck = 2611;
				TargetAttributes = {
					0334CCF73F3F78FED85D9EE2 = {
						ProvisioningStyle = Automatic;
					};
					142565732BE8FB3E35608819 = {
						DevelopmentTeam = PNKEK75AK4;
					};
					B99BE2625AC96E0176DE8D7B = {
						DevelopmentTeam = PNKEK75AK4;
					};
					D5C893FCD3BBD5FC99421D6D = {
						ProvisioningStyle = Automatic;
						TestTargetID = 142565732BE8FB3E35608819;
					};
				};
			};
			buildConfigurationList = 34F548424DD27670AA5243B8 /* Build configuration list for PBXProject "DropMover" */;
			developmentRegion = en;
			hasScannedForEncodings = 0;
			knownRegions = (
				Base,
				en,
			);
			mainGroup = CF4787668EF7E9A4DE3099EC;
			minimizedProjectReferenceProxies = 1;
			preferredProjectObjectVersion = 77;
			productRefGroup = 579473BA6DBB1709B5CBD121 /* Products */;
			projectDirPath = "";
			projectRoot = "";
			targets = (
				142565732BE8FB3E35608819 /* DropMover */,
				B99BE2625AC96E0176DE8D7B /* DropMoverFinderExtension */,
				0334CCF73F3F78FED85D9EE2 /* DropMoverTests */,
				D5C893FCD3BBD5FC99421D6D /* DropMoverUITests */,
			);
		};
/* End PBXProject section */

/* Begin PBXResourcesBuildPhase section */
		972EC46E8DFD42B64B9D6F06 /* Resources */ = {
			isa = PBXResourcesBuildPhase;
			buildActionMask = 2147483647;
			files = (
				AB70D24F1B6FADA1816D64A9 /* Assets.xcassets in Resources */,
			);
			runOnlyForDeploymentPostprocessing = 0;
		};
/* End PBXResourcesBuildPhase section */

/* Begin PBXSourcesBuildPhase section */
		04B299756B43C0FE28DBFD03 /* Sources */ = {
			isa = PBXSourcesBuildPhase;
			buildActionMask = 2147483647;
			files = (
				9FEE622951CA26BB95AA48B2 /* DropMoverTests.swift in Sources */,
			);
			runOnlyForDeploymentPostprocessing = 0;
		};
		271B0BD2779414AC7942FDCE /* Sources */ = {
			isa = PBXSourcesBuildPhase;
			buildActionMask = 2147483647;
			files = (
				8619458C81D8F46CD82C6A38 /* ContentView.swift in Sources */,
				7254BBE9DF4FE5EACF8D09F7 /* DropMoverApp.swift in Sources */,
				EF4C9C6AE9177A5CC19E1F80 /* IconBrastView.swift in Sources */,
				3812CA5A513AB4C597C703A6 /* SettingView.swift in Sources */,
			);
			runOnlyForDeploymentPostprocessing = 0;
		};
		6FB51BFF42B6163FB57DD094 /* Sources */ = {
			isa = PBXSourcesBuildPhase;
			buildActionMask = 2147483647;
			files = (
				0B81F2C7272033AD49279317 /* DropMoverUITests.swift in Sources */,
				232F9F7AFD3B202447BE05A7 /* DropMoverUITestsLaunchTests.swift in Sources */,
			);
			runOnlyForDeploymentPostprocessing = 0;
		};
		D53F6B3A3E70786BA712184E /* Sources */ = {
			isa = PBXSourcesBuildPhase;
			buildActionMask = 2147483647;
			files = (
				68F7B5FFC65E92269FD9E1A6 /* FinderSync.swift in Sources */,
			);
			runOnlyForDeploymentPostprocessing = 0;
		};
/* End PBXSourcesBuildPhase section */

/* Begin PBXTargetDependency section */
		55EC0BF52A8235C6F9757914 /* PBXTargetDependency */ = {
			isa = PBXTargetDependency;
			target = B99BE2625AC96E0176DE8D7B /* DropMoverFinderExtension */;
			targetProxy = 2633DDDFABF741D6297DD11F /* PBXContainerItemProxy */;
		};
		7BA08FFA0E8E9A8CBCDD2D21 /* PBXTargetDependency */ = {
			isa = PBXTargetDependency;
			target = 142565732BE8FB3E35608819 /* DropMover */;
			targetProxy = 5C8F9C00EAAB3721588BB0E0 /* PBXContainerItemProxy */;
		};
		7FA6DBD2CE9C609CF113AC07 /* PBXTargetDependency */ = {
			isa = PBXTargetDependency;
			target = 142565732BE8FB3E35608819 /* DropMover */;
			targetProxy = 19669E981B1457034F007E84 /* PBXContainerItemProxy */;
		};
/* End PBXTargetDependency section */

/* Begin XCBuildConfiguration section */
		07D326736B8B09C2752F6B8D /* Debug */ = {
			isa = XCBuildConfiguration;
			buildSettings = {
				ASSETCATALOG_COMPILER_APPICON_NAME = AppIcon;
				ASSETCATALOG_COMPILER_GLOBAL_ACCENT_COLOR_NAME = AccentColor;
				CODE_SIGN_ENTITLEMENTS = DropMover/DropMover.entitlements;
				COMBINE_HIDPI_IMAGES = YES;
				CURRENT_PROJECT_VERSION = 1;
				DEVELOPMENT_TEAM = PNKEK75AK4;
				ENABLE_PREVIEWS = YES;
				INFOPLIST_FILE = DropMover/Info.plist;
				INFOPLIST_KEY_CFBundleDisplayName = DropMover;
				INFOPLIST_KEY_LSApplicationCategoryType = "public.app-category.utilities";
				INFOPLIST_KEY_NSHumanReadableCopyright = "(C) Shinya Ohtani";
				LD_RUNPATH_SEARCH_PATHS = (
					"$(inherited)",
					"@executable_path/../Frameworks",
				);
				MARKETING_VERSION = 1.0;
				PRODUCT_BUNDLE_IDENTIFIER = com.aabce.DropMover;
				REGISTER_APP_GROUPS = YES;
				SDKROOT = macosx;
				SWIFT_VERSION = 5.0;
			};
			name = Debug;
		};
		08794E97A65DD3B540EC673D /* Release */ = {
			isa = XCBuildConfiguration;
			buildSettings = {
				BUNDLE_LOADER = "$(TEST_HOST)";
				CODE_SIGN_STYLE = Automatic;
				COMBINE_HIDPI_IMAGES = YES;
				GENERATE_INFOPLIST_FILE = YES;
				LD_RUNPATH_SEARCH_PATHS = (
					"$(inherited)",
					"@executable_path/../Frameworks",
					"@loader_path/../Frameworks",
				);
				PRODUCT_BUNDLE_IDENTIFIER = com.aabce.DropMoverTests;
				SDKROOT = macosx;
				SWIFT_VERSION = 5.0;
				TEST_HOST = "$(BUILT_PRODUCTS_DIR)/DropMover.app/Contents/MacOS/DropMover";
			};
			name = Release;
		};
		1A871B2D1F8645E033326983 /* Debug */ = {
			isa = XCBuildConfiguration;
			buildSettings = {
				BUNDLE_LOADER = "$(TEST_HOST)";
				CODE_SIGN_STYLE = Automatic;
				COMBINE_HIDPI_IMAGES = YES;
				GENERATE_INFOPLIST_FILE = YES;
				LD_RUNPATH_SEARCH_PATHS = (
					"$(inherited)",
					"@executable_path/Frameworks",
					"@loader_path/Frameworks",
				);
				PRODUCT_BUNDLE_IDENTIFIER = com.aabce.DropMoverUITests;
				SDKROOT = macosx;
				SWIFT_VERSION = 5.0;
				TEST_TARGET_NAME = DropMover;
			};
			name = Debug;
		};
		215A42DCAD9C0EDDF8B2A5A8 /* Release */ = {
			isa = XCBuildConfiguration;
			buildSettings = {
				ASSETCATALOG_COMPILER_APPICON_NAME = AppIcon;
				ASSETCATALOG_COMPILER_GLOBAL_ACCENT_COLOR_NAME = AccentColor;
				CODE_SIGN_ENTITLEMENTS = DropMover/DropMover.entitlements;
				COMBINE_HIDPI_IMAGES = YES;
				CURRENT_PROJECT_VERSION = 1;
				DEVELOPMENT_TEAM = PNKEK75AK4;
				ENABLE_PREVIEWS = YES;
				INFOPLIST_FILE = DropMover/Info.plist;
				INFOPLIST_KEY_CFBundleDisplayName = DropMover;
				INFOPLIST_KEY_LSApplicationCategoryType = "public.app-category.utilities";
				INFOPLIST_KEY_NSHumanReadableCopyright = "(C) Shinya Ohtani";
				LD_RUNPATH_SEARCH_PATHS = (
					"$(inherited)",
					"@executable_path/../Frameworks",
				);
				MARKETING_VERSION = 1.0;
				PRODUCT_BUNDLE_IDENTIFIER = com.aabce.DropMover;
				REGISTER_APP_GROUPS = YES;
				SDKROOT = macosx;
				SWIFT_VERSION = 5.0;
			};
			name = Release;
		};
		2A0E498208FAED5848B5C327 /* Debug */ = {
			isa = XCBuildConfiguration;
			buildSettings = {
				ALWAYS_SEARCH_USER_PATHS = NO;
				ASSETCATALOG_COMPILER_GENERATE_ASSET_SYMBOLS = YES;
				CLANG_ANALYZER_NONNULL = YES;
				CLANG_ANALYZER_NUMBER_OBJECT_CONVERSION = YES_AGGRESSIVE;
				CLANG_CXX_LANGUAGE_STANDARD = "gnu++14";
				CLANG_CXX_LIBRARY = "libc++";
				CLANG_ENABLE_MODULES = YES;
				CLANG_ENABLE_OBJC_ARC = YES;
				CLANG_ENABLE_OBJC_WEAK = YES;
				CLANG_WARN_BLOCK_CAPTURE_AUTORELEASING = YES;
				CLANG_WARN_BOOL_CONVERSION = YES;
				CLANG_WARN_COMMA = YES;
				CLANG_WARN_CONSTANT_CONVERSION = YES;
				CLANG_WARN_DEPRECATED_OBJC_IMPLEMENTATIONS = YES;
				CLANG_WARN_DIRECT_OBJC_ISA_USAGE = YES_ERROR;
				CLANG_WARN_DOCUMENTATION_COMMENTS = YES;
				CLANG_WARN_EMPTY_BODY = YES;
				CLANG_WARN_ENUM_CONVERSION = YES;
				CLANG_WARN_INFINITE_RECURSION = YES;
				CLANG_WARN_INT_CONVERSION = YES;
				CLANG_WARN_NON_LITERAL_NULL_CONVERSION = YES;
				CLANG_WARN_OBJC_IMPLICIT_RETAIN_SELF = YES;
				CLANG_WARN_OBJC_LITERAL_CONVERSION = YES;
				CLANG_WARN_OBJC_ROOT_CLASS = YES_ERROR;
				CLANG_WARN_QUOTED_INCLUDE_IN_FRAMEWORK_HEADER = YES;
				CLANG_WARN_RANGE_LOOP_ANALYSIS = YES;
				CLANG_WARN_STRICT_PROTOTYPES = YES;
				CLANG_WARN_SUSPICIOUS_MOVE = YES;
				CLANG_WARN_UNGUARDED_AVAILABILITY = YES_AGGRESSIVE;
				CLANG_WARN_UNREACHABLE_CODE = YES;
				CLANG_WARN__DUPLICATE_METHOD_MATCH = YES;
				COPY_PHASE_STRIP = NO;
				DEAD_CODE_STRIPPING = YES;
				DEBUG_INFORMATION_FORMAT = dwarf;
				ENABLE_STRICT_OBJC_MSGSEND = YES;
				ENABLE_TESTABILITY = YES;
				ENABLE_USER_SCRIPT_SANDBOXING = YES;
				GCC_C_LANGUAGE_STANDARD = gnu11;
				GCC_DYNAMIC_NO_PIC = NO;
				GCC_NO_COMMON_BLOCKS = YES;
				GCC_OPTIMIZATION_LEVEL = 0;
				GCC_PREPROCESSOR_DEFINITIONS = (
					"$(inherited)",
					"DEBUG=1",
				);
				GCC_WARN_64_TO_32_BIT_CONVERSION = YES;
				GCC_WARN_ABOUT_RETURN_TYPE = YES_ERROR;
				GCC_WARN_UNDECLARED_SELECTOR = YES;
				GCC_WARN_UNINITIALIZED_AUTOS = YES_AGGRESSIVE;
				GCC_WARN_UNUSED_FUNCTION = YES;
				GCC_WARN_UNUSED_VARIABLE = YES;
				MACOSX_DEPLOYMENT_TARGET = 13.0;
				MTL_ENABLE_DEBUG_INFO = INCLUDE_SOURCE;
				MTL_FAST_MATH = YES;
				ONLY_ACTIVE_ARCH = YES;
				PRODUCT_NAME = "$(TARGET_NAME)";
				SDKROOT = macosx;
				SWIFT_ACTIVE_COMPILATION_CONDITIONS = DEBUG;
				SWIFT_EMIT_LOC_STRINGS = YES;
				SWIFT_OPTIMIZATION_LEVEL = "-Onone";
				SWIFT_VERSION = 5.0;
			};
			name = Debug;
		};
		35F37A352BC71C6B4AEA9C44 /* Release */ = {
			isa = XCBuildConfiguration;
			buildSettings = {
				ALWAYS_SEARCH_USER_PATHS = NO;
				ASSETCATALOG_COMPILER_GENERATE_ASSET_SYMBOLS = YES;
				CLANG_ANALYZER_NONNULL = YES;
				CLANG_ANALYZER_NUMBER_OBJECT_CONVERSION = YES_AGGRESSIVE;
				CLANG_CXX_LANGUAGE_STANDARD = "gnu++14";
				CLANG_CXX_LIBRARY = "libc++";
				CLANG_ENABLE_MODULES = YES;
				CLANG_ENABLE_OBJC_ARC = YES;
				CLANG_ENABLE_OBJC_WEAK = YES;
				CLANG_WARN_BLOCK_CAPTURE_AUTORELEASING = YES;
				CLANG_WARN_BOOL_CONVERSION = YES;
				CLANG_WARN_COMMA = YES;
				CLANG_WARN_CONSTANT_CONVERSION = YES;
				CLANG_WARN_DEPRECATED_OBJC_IMPLEMENTATIONS = YES;
				CLANG_WARN_DIRECT_OBJC_ISA_USAGE = YES_ERROR;
				CLANG_WARN_DOCUMENTATION_COMMENTS = YES;
				CLANG_WARN_EMPTY_BODY = YES;
				CLANG_WARN_ENUM_CONVERSION = YES;
				CLANG_WARN_INFINITE_RECURSION = YES;
				CLANG_WARN_INT_CONVERSION = YES;
				CLANG_WARN_NON_LITERAL_NULL_CONVERSION = YES;
				CLANG_WARN_OBJC_IMPLICIT_RETAIN_SELF = YES;
				CLANG_WARN_OBJC_LITERAL_CONVERSION = YES;
				CLANG_WARN_OBJC_ROOT_CLASS = YES_ERROR;
				CLANG_WARN_QUOTED_INCLUDE_IN_FRAMEWORK_HEADER = YES;
				CLANG_WARN_RANGE_LOOP_ANALYSIS = YES;
				CLANG_WARN_STRICT_PROTOTYPES = YES;
				CLANG_WARN_SUSPICIOUS_MOVE = YES;
				CLANG_WARN_UNGUARDED_AVAILABILITY = YES_AGGRESSIVE;
				CLANG_WARN_UNREACHABLE_CODE = YES;
				CLANG_WARN__DUPLICATE_METHOD_MATCH = YES;
				COPY_PHASE_STRIP = NO;
				DEAD_CODE_STRIPPING = YES;
				DEBUG_INFORMATION_FORMAT = "dwarf-with-dsym";
				ENABLE_NS_ASSERTIONS = NO;
				ENABLE_STRICT_OBJC_MSGSEND = YES;
				ENABLE_USER_SCRIPT_SANDBOXING = YES;
				GCC_C_LANGUAGE_STANDARD = gnu11;
				GCC_NO_COMMON_BLOCKS = YES;
				GCC_WARN_64_TO_32_BIT_CONVERSION = YES;
				GCC_WARN_ABOUT_RETURN_TYPE = YES_ERROR;
				GCC_WARN_UNDECLARED_SELECTOR = YES;
				GCC_WARN_UNINITIALIZED_AUTOS = YES_AGGRESSIVE;
				GCC_WARN_UNUSED_FUNCTION = YES;
				GCC_WARN_UNUSED_VARIABLE = YES;
				MACOSX_DEPLOYMENT_TARGET = 13.0;
				MTL_ENABLE_DEBUG_INFO = NO;
				MTL_FAST_MATH = YES;
				PRODUCT_NAME = "$(TARGET_NAME)";
				SDKROOT = macosx;
				SWIFT_COMPILATION_MODE = wholemodule;
				SWIFT_EMIT_LOC_STRINGS = YES;
				SWIFT_OPTIMIZATION_LEVEL = "-O";
				SWIFT_VERSION = 5.0;
			};
			name = Release;
		};
		79E91E36A65C8DDB8DF6D780 /* Release */ = {
			isa = XCBuildConfiguration;
			buildSettings = {
				CODE_SIGN_ENTITLEMENTS = DropMoverFinderExtension/DropMoverFinderExtension.entitlements;
				COMBINE_HIDPI_IMAGES = YES;
				CURRENT_PROJECT_VERSION = 1;
				DEVELOPMENT_TEAM = PNKEK75AK4;
				INFOPLIST_FILE = DropMoverFinderExtension/Info.plist;
				INFOPLIST_KEY_CFBundleDisplayName = "DropMover Finder Extension";
				INFOPLIST_KEY_NSHumanReadableCopyright = "(C) Shinya Ohtani";
				LD_RUNPATH_SEARCH_PATHS = (
					"$(inherited)",
					"@executable_path/../Frameworks",
					"@executable_path/../../../../Frameworks",
				);
				MARKETING_VERSION = 1.0;
				PRODUCT_BUNDLE_IDENTIFIER = com.aabce.DropMover.FinderExtension;
				SDKROOT = macosx;
				SKIP_INSTALL = YES;
				SWIFT_VERSION = 5.0;
			};
			name = Release;
		};
		82AACD834448FEEEB66C9FA4 /* Release */ = {
			isa = XCBuildConfiguration;
			buildSettings = {
				BUNDLE_LOADER = "$(TEST_HOST)";
				CODE_SIGN_STYLE = Automatic;
				COMBINE_HIDPI_IMAGES = YES;
				GENERATE_INFOPLIST_FILE = YES;
				LD_RUNPATH_SEARCH_PATHS = (
					"$(inherited)",
					"@executable_path/Frameworks",
					"@loader_path/Frameworks",
				);
				PRODUCT_BUNDLE_IDENTIFIER = com.aabce.DropMoverUITests;
				SDKROOT = macosx;
				SWIFT_VERSION = 5.0;
				TEST_TARGET_NAME = DropMover;
			};
			name = Release;
		};
		DF1C92E52C80E12CAE6FE6BE /* Debug */ = {
			isa = XCBuildConfiguration;
			buildSettings = {
				CODE_SIGN_ENTITLEMENTS = DropMoverFinderExtension/DropMoverFinderExtension.entitlements;
				COMBINE_HIDPI_IMAGES = YES;
				CURRENT_PROJECT_VERSION = 1;
				DEVELOPMENT_TEAM = PNKEK75AK4;
				INFOPLIST_FILE = DropMoverFinderExtension/Info.plist;
				INFOPLIST_KEY_CFBundleDisplayName = "DropMover Finder Extension";
				INFOPLIST_KEY_NSHumanReadableCopyright = "(C) Shinya Ohtani";
				LD_RUNPATH_SEARCH_PATHS = (
					"$(inherited)",
					"@executable_path/../Frameworks",
					"@executable_path/../../../../Frameworks",
				);
				MARKETING_VERSION = 1.0;
				PRODUCT_BUNDLE_IDENTIFIER = com.aabce.DropMover.FinderExtension;
				SDKROOT = macosx;
				SKIP_INSTALL = YES;
				SWIFT_VERSION = 5.0;
			};
			name = Debug;
		};
		EF33BB5731AA3D07E4BA5A98 /* Debug */ = {
			isa = XCBuildConfiguration;
			buildSettings = {
				BUNDLE_LOADER = "$(TEST_HOST)";
				CODE_SIGN_STYLE = Automatic;
				COMBINE_HIDPI_IMAGES = YES;
				GENERATE_INFOPLIST_FILE = YES;
				LD_RUNPATH_SEARCH_PATHS = (
					"$(inherited)",
					"@executable_path/../Frameworks",
					"@loader_path/../Frameworks",
				);
				PRODUCT_BUNDLE_IDENTIFIER = com.aabce.DropMoverTests;
				SDKROOT = macosx;
				SWIFT_VERSION = 5.0;
				TEST_HOST = "$(BUILT_PRODUCTS_DIR)/DropMover.app/Contents/MacOS/DropMover";
			};
			name = Debug;
		};
/* End XCBuildConfiguration section */

/* Begin XCConfigurationList section */
		34F548424DD27670AA5243B8 /* Build configuration list for PBXProject "DropMover" */ = {
			isa = XCConfigurationList;
			buildConfigurations = (
				2A0E498208FAED5848B5C327 /* Debug */,
				35F37A352BC71C6B4AEA9C44 /* Release */,
			);
			defaultConfigurationIsVisible = 0;
			defaultConfigurationName = Debug;
		};
		651DEA7EF6995B5F534DFEF1 /* Build configuration list for PBXNativeTarget "DropMoverTests" */ = {
			isa = XCConfigurationList;
			buildConfigurations = (
				EF33BB5731AA3D07E4BA5A98 /* Debug */,
				08794E97A65DD3B540EC673D /* Release */,
			);
			defaultConfigurationIsVisible = 0;
			defaultConfigurationName = Debug;
		};
		AF0415B10013459FF90F0912 /* Build configuration list for PBXNativeTarget "DropMoverFinderExtension" */ = {
			isa = XCConfigurationList;
			buildConfigurations = (
				DF1C92E52C80E12CAE6FE6BE /* Debug */,
				79E91E36A65C8DDB8DF6D780 /* Release */,
			);
			defaultConfigurationIsVisible = 0;
			defaultConfigurationName = Debug;
		};
		B49403A6BE8289990349B146 /* Build configuration list for PBXNativeTarget "DropMoverUITests" */ = {
			isa = XCConfigurationList;
			buildConfigurations = (
				1A871B2D1F8645E033326983 /* Debug */,
				82AACD834448FEEEB66C9FA4 /* Release */,
			);
			defaultConfigurationIsVisible = 0;
			defaultConfigurationName = Debug;
		};
		C69E9B5EAD902D0E6B848611 /* Build configuration list for PBXNativeTarget "DropMover" */ = {
			isa = XCConfigurationList;
			buildConfigurations = (
				07D326736B8B09C2752F6B8D /* Debug */,
				215A42DCAD9C0EDDF8B2A5A8 /* Release */,
			);
			defaultConfigurationIsVisible = 0;
			defaultConfigurationName = Debug;
		};
/* End XCConfigurationList section */
	};
	rootObject = D4FF22F5A67C5B4DEB916FDB /* Project object */;
}
